// !$*UTF8*$!
{
	archiveVersion = 1;
	classes = {
	};
	objectVersion = 50;
	objects = {

/* Begin PBXBuildFile section */
		DC4E88FD20F2AE9300E06148 /* AppDelegate.swift in Sources */ = {isa = PBXBuildFile; fileRef = DC4E88FC20F2AE9300E06148 /* AppDelegate.swift */; };
		DC4E88FF20F2AE9300E06148 /* ViewController.swift in Sources */ = {isa = PBXBuildFile; fileRef = DC4E88FE20F2AE9300E06148 /* ViewController.swift */; };
		DC4E890220F2AE9300E06148 /* Main.storyboard in Resources */ = {isa = PBXBuildFile; fileRef = DC4E890020F2AE9300E06148 /* Main.storyboard */; };
		DC4E890420F2AE9500E06148 /* Assets.xcassets in Resources */ = {isa = PBXBuildFile; fileRef = DC4E890320F2AE9500E06148 /* Assets.xcassets */; };
		DC4E890720F2AE9500E06148 /* LaunchScreen.storyboard in Resources */ = {isa = PBXBuildFile; fileRef = DC4E890520F2AE9500E06148 /* LaunchScreen.storyboard */; };
		DCA204BD20F550430088467E /* GameUtils.swift in Sources */ = {isa = PBXBuildFile; fileRef = DCA204BA20F550420088467E /* GameUtils.swift */; };
		DCA204BE20F550430088467E /* GameHelper.swift in Sources */ = {isa = PBXBuildFile; fileRef = DCA204BB20F550420088467E /* GameHelper.swift */; };
		DCA204BF20F550430088467E /* SCNAction+Extensions.swift in Sources */ = {isa = PBXBuildFile; fileRef = DCA204BC20F550420088467E /* SCNAction+Extensions.swift */; };
		DCA204C120F550620088467E /* MrPig.scnassets in Resources */ = {isa = PBXBuildFile; fileRef = DCA204C020F550620088467E /* MrPig.scnassets */; };
/* End PBXBuildFile section */

/* Begin PBXFileReference section */
		DC4E88F920F2AE9300E06148 /* Mr.Pig.app */ = {isa = PBXFileReference; explicitFileType = wrapper.application; includeInIndex = 0; path = Mr.Pig.app; sourceTree = BUILT_PRODUCTS_DIR; };
		DC4E88FC20F2AE9300E06148 /* AppDelegate.swift */ = {isa = PBXFileReference; lastKnownFileType = sourcecode.swift; path = AppDelegate.swift; sourceTree = "<group>"; };
		DC4E88FE20F2AE9300E06148 /* ViewController.swift */ = {isa = PBXFileReference; lastKnownFileType = sourcecode.swift; path = ViewController.swift; sourceTree = "<group>"; };
		DC4E890120F2AE9300E06148 /* Base */ = {isa = PBXFileReference; lastKnownFileType = file.storyboard; name = Base; path = Base.lproj/Main.storyboard; sourceTree = "<group>"; };
		DC4E890320F2AE9500E06148 /* Assets.xcassets */ = {isa = PBXFileReference; lastKnownFileType = folder.assetcatalog; path = Assets.xcassets; sourceTree = "<group>"; };
		DC4E890620F2AE9500E06148 /* Base */ = {isa = PBXFileReference; lastKnownFileType = file.storyboard; name = Base; path = Base.lproj/LaunchScreen.storyboard; sourceTree = "<group>"; };
		DC4E890820F2AE9500E06148 /* Info.plist */ = {isa = PBXFileReference; lastKnownFileType = text.plist.xml; path = Info.plist; sourceTree = "<group>"; };
		DCA204BA20F550420088467E /* GameUtils.swift */ = {isa = PBXFileReference; fileEncoding = 4; lastKnownFileType = sourcecode.swift; path = GameUtils.swift; sourceTree = "<group>"; };
		DCA204BB20F550420088467E /* GameHelper.swift */ = {isa = PBXFileReference; fileEncoding = 4; lastKnownFileType = sourcecode.swift; path = GameHelper.swift; sourceTree = "<group>"; };
		DCA204BC20F550420088467E /* SCNAction+Extensions.swift */ = {isa = PBXFileReference; fileEncoding = 4; lastKnownFileType = sourcecode.swift; path = "SCNAction+Extensions.swift"; sourceTree = "<group>"; };
		DCA204C020F550620088467E /* MrPig.scnassets */ = {isa = PBXFileReference; lastKnownFileType = wrapper.scnassets; name = MrPig.scnassets; path = "../../3D_Apple_Games_by_Tutorials_3/19-transitions/resources/MrPig.scnassets"; sourceTree = "<group>"; };
/* End PBXFileReference section */

/* Begin PBXFrameworksBuildPhase section */
		DC4E88F620F2AE9300E06148 /* Frameworks */ = {
			isa = PBXFrameworksBuildPhase;
			buildActionMask = 2147483647;
			files = (
			);
			runOnlyForDeploymentPostprocessing = 0;
		};
/* End PBXFrameworksBuildPhase section */

/* Begin PBXGroup section */
		DC4E88F020F2AE9300E06148 = {
			isa = PBXGroup;
			children = (
				DC4E88FB20F2AE9300E06148 /* Mr.Pig */,
				DC4E88FA20F2AE9300E06148 /* Products */,
			);
			sourceTree = "<group>";
		};
		DC4E88FA20F2AE9300E06148 /* Products */ = {
			isa = PBXGroup;
			children = (
				DC4E88F920F2AE9300E06148 /* Mr.Pig.app */,
			);
			name = Products;
			sourceTree = "<group>";
		};
		DC4E88FB20F2AE9300E06148 /* Mr.Pig */ = {
			isa = PBXGroup;
			children = (
				DCA204B920F550420088467E /* GameUtils */,
				DCA204C020F550620088467E /* MrPig.scnassets */,
				DC4E88FC20F2AE9300E06148 /* AppDelegate.swift */,
				DC4E88FE20F2AE9300E06148 /* ViewController.swift */,
				DC4E890020F2AE9300E06148 /* Main.storyboard */,
				DC4E890320F2AE9500E06148 /* Assets.xcassets */,
				DC4E890520F2AE9500E06148 /* LaunchScreen.storyboard */,
				DC4E890820F2AE9500E06148 /* Info.plist */,
			);
			path = Mr.Pig;
			sourceTree = "<group>";
		};
		DCA204B920F550420088467E /* GameUtils */ = {
			isa = PBXGroup;
			children = (
				DCA204BA20F550420088467E /* GameUtils.swift */,
				DCA204BB20F550420088467E /* GameHelper.swift */,
				DCA204BC20F550420088467E /* SCNAction+Extensions.swift */,
			);
			name = GameUtils;
			path = "../../3D_Apple_Games_by_Tutorials_3/19-transitions/resources/GameUtils";
			sourceTree = "<group>";
		};
/* End PBXGroup section */

/* Begin PBXNativeTarget section */
		DC4E88F820F2AE9300E06148 /* Mr.Pig */ = {
			isa = PBXNativeTarget;
			buildConfigurationList = DC4E890B20F2AE9500E06148 /* Build configuration list for PBXNativeTarget "Mr.Pig" */;
			buildPhases = (
				DC4E88F520F2AE9300E06148 /* Sources */,
				DC4E88F620F2AE9300E06148 /* Frameworks */,
				DC4E88F720F2AE9300E06148 /* Resources */,
			);
			buildRules = (
			);
			dependencies = (
			);
			name = Mr.Pig;
			productName = Mr.Pig;
			productReference = DC4E88F920F2AE9300E06148 /* Mr.Pig.app */;
			productType = "com.apple.product-type.application";
		};
/* End PBXNativeTarget section */

/* Begin PBXProject section */
		DC4E88F120F2AE9300E06148 /* Project object */ = {
			isa = PBXProject;
			attributes = {
				LastSwiftUpdateCheck = 0940;
				LastUpgradeCheck = 0940;
				ORGANIZATIONNAME = "Larry Petroski";
				TargetAttributes = {
					DC4E88F820F2AE9300E06148 = {
						CreatedOnToolsVersion = 9.4.1;
					};
				};
			};
			buildConfigurationList = DC4E88F420F2AE9300E06148 /* Build configuration list for PBXProject "Mr.Pig" */;
			compatibilityVersion = "Xcode 9.3";
			developmentRegion = en;
			hasScannedForEncodings = 0;
			knownRegions = (
				en,
				Base,
			);
			mainGroup = DC4E88F020F2AE9300E06148;
			productRefGroup = DC4E88FA20F2AE9300E06148 /* Products */;
			projectDirPath = "";
			projectRoot = "";
			targets = (
				DC4E88F820F2AE9300E06148 /* Mr.Pig */,
			);
		};
/* End PBXProject section */

/* Begin PBXResourcesBuildPhase section */
		DC4E88F720F2AE9300E06148 /* Resources */ = {
			isa = PBXResourcesBuildPhase;
			buildActionMask = 2147483647;
			files = (
				DC4E890720F2AE9500E06148 /* LaunchScreen.storyboard in Resources */,
				DC4E890420F2AE9500E06148 /* Assets.xcassets in Resources */,
				DC4E890220F2AE9300E06148 /* Main.storyboard in Resources */,
				DCA204C120F550620088467E /* MrPig.scnassets in Resources */,
			);
			runOnlyForDeploymentPostprocessing = 0;
		};
/* End PBXResourcesBuildPhase section */

/* Begin PBXSourcesBuildPhase section */
		DC4E88F520F2AE9300E06148 /* Sources */ = {
			isa = PBXSourcesBuildPhase;
			buildActionMask = 2147483647;
			files = (
				DC4E88FF20F2AE9300E06148 /* ViewController.swift in Sources */,
				DCA204BF20F550430088467E /* SCNAction+Extensions.swift in Sources */,
				DCA204BE20F550430088467E /* GameHelper.swift in Sources */,
				DCA204BD20F550430088467E /* GameUtils.swift in Sources */,
				DC4E88FD20F2AE9300E06148 /* AppDelegate.swift in Sources */,
			);
			runOnlyForDeploymentPostprocessing = 0;
		};
/* End PBXSourcesBuildPhase section */

/* Begin PBXVariantGroup section */
		DC4E890020F2AE9300E06148 /* Main.storyboard */ = {
			isa = PBXVariantGroup;
			children = (
				DC4E890120F2AE9300E06148 /* Base */,
			);
			name = Main.storyboard;
			sourceTree = "<group>";
		};
		DC4E890520F2AE9500E06148 /* LaunchScreen.storyboard */ = {
			isa = PBXVariantGroup;
			children = (
				DC4E890620F2AE9500E06148 /* Base */,
			);
			name = LaunchScreen.storyboard;
			sourceTree = "<group>";
		};
/* End PBXVariantGroup section */

/* Begin XCBuildConfiguration section */
		DC4E890920F2AE9500E06148 /* Debug */ = {
			isa = XCBuildConfiguration;
			buildSettings = {
				ALWAYS_SEARCH_USER_PATHS = NO;
				CLANG_ANALYZER_NONNULL = YES;
				CLANG_ANALYZER_NUMBER_OBJECT_CONVERSION = YES_AGGRESSIVE;
				CLANG_CXX_LANGUAGE_STANDARD = "gnu++14";
				CLANG_CXX_LIBRARY = "libc++";
				CLANG_ENABLE_MODULES = YES;
				CLANG_ENABLE_OBJC_ARC = YES;
				CLANG_ENABLE_OBJC_WEAK = YES;
				CLANG_WARN_BLOCK_CAPTURE_AUTORELEASING = YES;
				CLANG_WARN_BOOL_CONVERSION = YES;
				CLANG_WARN_COMMA = YES;
				CLANG_WARN_CONSTANT_CONVERSION = YES;
				CLANG_WARN_DEPRECATED_OBJC_IMPLEMENTATIONS = YES;
				CLANG_WARN_DIRECT_OBJC_ISA_USAGE = YES_ERROR;
				CLANG_WARN_DOCUMENTATION_COMMENTS = YES;
				CLANG_WARN_EMPTY_BODY = YES;
				CLANG_WARN_ENUM_CONVERSION = YES;
				CLANG_WARN_INFINITE_RECURSION = YES;
				CLANG_WARN_INT_CONVERSION = YES;
				CLANG_WARN_NON_LITERAL_NULL_CONVERSION = YES;
				CLANG_WARN_OBJC_IMPLICIT_RETAIN_SELF = YES;
				CLANG_WARN_OBJC_LITERAL_CONVERSION = YES;
				CLANG_WARN_OBJC_ROOT_CLASS = YES_ERROR;
				CLANG_WARN_RANGE_LOOP_ANALYSIS = YES;
				CLANG_WARN_STRICT_PROTOTYPES = YES;
				CLANG_WARN_SUSPICIOUS_MOVE = YES;
				CLANG_WARN_UNGUARDED_AVAILABILITY = YES_AGGRESSIVE;
				CLANG_WARN_UNREACHABLE_CODE = YES;
				CLANG_WARN__DUPLICATE_METHOD_MATCH = YES;
				CODE_SIGN_IDENTITY = "iPhone Developer";
				COPY_PHASE_STRIP = NO;
				DEBUG_INFORMATION_FORMAT = dwarf;
				ENABLE_STRICT_OBJC_MSGSEND = YES;
				ENABLE_TESTABILITY = YES;
				GCC_C_LANGUAGE_STANDARD = gnu11;
				GCC_DYNAMIC_NO_PIC = NO;
				GCC_NO_COMMON_BLOCKS = YES;
				GCC_OPTIMIZATION_LEVEL = 0;
				GCC_PREPROCESSOR_DEFINITIONS = (
					"DEBUG=1",
					"$(inherited)",
				);
				GCC_WARN_64_TO_32_BIT_CONVERSION = YES;
				GCC_WARN_ABOUT_RETURN_TYPE = YES_ERROR;
				GCC_WARN_UNDECLARED_SELECTOR = YES;
				GCC_WARN_UNINITIALIZED_AUTOS = YES_AGGRESSIVE;
				GCC_WARN_UNUSED_FUNCTION = YES;
				GCC_WARN_UNUSED_VARIABLE = YES;
				IPHONEOS_DEPLOYMENT_TARGET = 11.4;
				MTL_ENABLE_DEBUG_INFO = YES;
				ONLY_ACTIVE_ARCH = YES;
				SDKROOT = iphoneos;
				SWIFT_ACTIVE_COMPILATION_CONDITIONS = DEBUG;
				SWIFT_OPTIMIZATION_LEVEL = "-Onone";
			};
			name = Debug;
		};
		DC4E890A20F2AE9500E06148 /* Release */ = {
			isa = XCBuildConfiguration;
			buildSettings = {
				ALWAYS_SEARCH_USER_PATHS = NO;
				CLANG_ANALYZER_NONNULL = YES;
				CLANG_ANALYZER_NUMBER_OBJECT_CONVERSION = YES_AGGRESSIVE;
				CLANG_CXX_LANGUAGE_STANDARD = "gnu++14";
				CLANG_CXX_LIBRARY = "libc++";
				CLANG_ENABLE_MODULES = YES;
				CLANG_ENABLE_OBJC_ARC = YES;
				CLANG_ENABLE_OBJC_WEAK = YES;
				CLANG_WARN_BLOCK_CAPTURE_AUTORELEASING = YES;
				CLANG_WARN_BOOL_CONVERSION = YES;
				CLANG_WARN_COMMA = YES;
				CLANG_WARN_CONSTANT_CONVERSION = YES;
				CLANG_WARN_DEPRECATED_OBJC_IMPLEMENTATIONS = YES;
				CLANG_WARN_DIRECT_OBJC_ISA_USAGE = YES_ERROR;
				CLANG_WARN_DOCUMENTATION_COMMENTS = YES;
				CLANG_WARN_EMPTY_BODY = YES;
				CLANG_WARN_ENUM_CONVERSION = YES;
				CLANG_WARN_INFINITE_RECURSION = YES;
				CLANG_WARN_INT_CONVERSION = YES;
				CLANG_WARN_NON_LITERAL_NULL_CONVERSION = YES;
				CLANG_WARN_OBJC_IMPLICIT_RETAIN_SELF = YES;
				CLANG_WARN_OBJC_LITERAL_CONVERSION = YES;
				CLANG_WARN_OBJC_ROOT_CLASS = YES_ERROR;
				CLANG_WARN_RANGE_LOOP_ANALYSIS = YES;
				CLANG_WARN_STRICT_PROTOTYPES = YES;
				CLANG_WARN_SUSPICIOUS_MOVE = YES;
				CLANG_WARN_UNGUARDED_AVAILABILITY = YES_AGGRESSIVE;
				CLANG_WARN_UNREACHABLE_CODE = YES;
				CLANG_WARN__DUPLICATE_METHOD_MATCH = YES;
				CODE_SIGN_IDENTITY = "iPhone Developer";
				COPY_PHASE_STRIP = NO;
				DEBUG_INFORMATION_FORMAT = "dwarf-with-dsym";
				ENABLE_NS_ASSERTIONS = NO;
				ENABLE_STRICT_OBJC_MSGSEND = YES;
				GCC_C_LANGUAGE_STANDARD = gnu11;
				GCC_NO_COMMON_BLOCKS = YES;
				GCC_WARN_64_TO_32_BIT_CONVERSION = YES;
				GCC_WARN_ABOUT_RETURN_TYPE = YES_ERROR;
				GCC_WARN_UNDECLARED_SELECTOR = YES;
				GCC_WARN_UNINITIALIZED_AUTOS = YES_AGGRESSIVE;
				GCC_WARN_UNUSED_FUNCTION = YES;
				GCC_WARN_UNUSED_VARIABLE = YES;
				IPHONEOS_DEPLOYMENT_TARGET = 11.4;
				MTL_ENABLE_DEBUG_INFO = NO;
				SDKROOT = iphoneos;
				SWIFT_COMPILATION_MODE = wholemodule;
				SWIFT_OPTIMIZATION_LEVEL = "-O";
				VALIDATE_PRODUCT = YES;
			};
			name = Release;
		};
		DC4E890C20F2AE9500E06148 /* Debug */ = {
			isa = XCBuildConfiguration;
			buildSettings = {
				ASSETCATALOG_COMPILER_APPICON_NAME = AppIcon;
				CODE_SIGN_STYLE = Automatic;
				INFOPLIST_FILE = Mr.Pig/Info.plist;
				LD_RUNPATH_SEARCH_PATHS = (
					"$(inherited)",
					"@executable_path/Frameworks",
				);
				PRODUCT_BUNDLE_IDENTIFIER = "com.shaftalley.Mr-Pig";
				PRODUCT_NAME = "$(TARGET_NAME)";
				SWIFT_VERSION = 4.0;
				TARGETED_DEVICE_FAMILY = "1,2";
			};
			name = Debug;
		};
		DC4E890D20F2AE9500E06148 /* Release */ = {
			isa = XCBuildConfiguration;
			buildSettings = {
				ASSETCATALOG_COMPILER_APPICON_NAME = AppIcon;
				CODE_SIGN_STYLE = Automatic;
				INFOPLIST_FILE = Mr.Pig/Info.plist;
				LD_RUNPATH_SEARCH_PATHS = (
					"$(inherited)",
					"@executable_path/Frameworks",
				);
				PRODUCT_BUNDLE_IDENTIFIER = "com.shaftalley.Mr-Pig";
				PRODUCT_NAME = "$(TARGET_NAME)";
				SWIFT_VERSION = 4.0;
				TARGETED_DEVICE_FAMILY = "1,2";
			};
			name = Release;
		};
/* End XCBuildConfiguration section */

/* Begin XCConfigurationList section */
		DC4E88F420F2AE9300E06148 /* Build configuration list for PBXProject "Mr.Pig" */ = {
			isa = XCConfigurationList;
			buildConfigurations = (
				DC4E890920F2AE9500E06148 /* Debug */,
				DC4E890A20F2AE9500E06148 /* Release */,
			);
			defaultConfigurationIsVisible = 0;
			defaultConfigurationName = Release;
		};
		DC4E890B20F2AE9500E06148 /* Build configuration list for PBXNativeTarget "Mr.Pig" */ = {
			isa = XCConfigurationList;
			buildConfigurations = (
				DC4E890C20F2AE9500E06148 /* Debug */,
				DC4E890D20F2AE9500E06148 /* Release */,
			);
			defaultConfigurationIsVisible = 0;
			defaultConfigurationName = Release;
		};
/* End XCConfigurationList section */
	};
	rootObject = DC4E88F120F2AE9300E06148 /* Project object */;
}
